
Microsoft Visual Studio Solution File, Format Version 12.00
# Visual Studio 2013
VisualStudioVersion = 12.0.40629.0
MinimumVisualStudioVersion = 10.0.40219.1
Project("{F184B08F-C81C-45F6-A57F-5ABD9991F28F}") = "PSM_UPDATE", "VERSIONUPW\PSM_UPDATE.vbproj", "{FD32E14C-A4F0-44B3-885C-2A73F38DC77A}"
EndProject
Project("{2150E333-8FDC-42A3-9474-1A3956D46DE8}") = "Solution Items", "Solution Items", "{95EED21E-2A51-4C1B-B043-10D659D9B9A9}"
EndProject
Project("{F184B08F-C81C-45F6-A57F-5ABD9991F28F}") = "PSM_MES", "PSM_MES\PSM_MES.vbproj", "{83FB4029-3D71-4EDE-8DAE-57645F983627}"
EndProject
Global
	GlobalSection(SolutionConfigurationPlatforms) = preSolution
		Debug|Any CPU = Debug|Any CPU
		Debug|Mixed Platforms = Debug|Mixed Platforms
		Debug|x86 = Debug|x86
		Release|Any CPU = Release|Any CPU
		Release|Mixed Platforms = Release|Mixed Platforms
		Release|x86 = Release|x86
	EndGlobalSection
	GlobalSection(ProjectConfigurationPlatforms) = postSolution
		{FD32E14C-A4F0-44B3-885C-2A73F38DC77A}.Debug|Any CPU.ActiveCfg = Debug|Any CPU
		{FD32E14C-A4F0-44B3-885C-2A73F38DC77A}.Debug|Any CPU.Build.0 = Debug|Any CPU
		{FD32E14C-A4F0-44B3-885C-2A73F38DC77A}.Debug|Mixed Platforms.ActiveCfg = Debug|x86
		{FD32E14C-A4F0-44B3-885C-2A73F38DC77A}.Debug|Mixed Platforms.Build.0 = Debug|x86
		{FD32E14C-A4F0-44B3-885C-2A73F38DC77A}.Debug|x86.ActiveCfg = Debug|Any CPU
		{FD32E14C-A4F0-44B3-885C-2A73F38DC77A}.Release|Any CPU.ActiveCfg = Release|Any CPU
		{FD32E14C-A4F0-44B3-885C-2A73F38DC77A}.Release|Any CPU.Build.0 = Release|Any CPU
		{FD32E14C-A4F0-44B3-885C-2A73F38DC77A}.Release|Mixed Platforms.ActiveCfg = Release|Any CPU
		{FD32E14C-A4F0-44B3-885C-2A73F38DC77A}.Release|Mixed Platforms.Build.0 = Release|Any CPU
		{FD32E14C-A4F0-44B3-885C-2A73F38DC77A}.Release|x86.ActiveCfg = Release|Any CPU
		{83FB4029-3D71-4EDE-8DAE-57645F983627}.Debug|Any CPU.ActiveCfg = Debug|Any CPU
		{83FB4029-3D71-4EDE-8DAE-57645F983627}.Debug|Any CPU.Build.0 = Debug|Any CPU
		{83FB4029-3D71-4EDE-8DAE-57645F983627}.Debug|Mixed Platforms.ActiveCfg = Debug|x86
		{83FB4029-3D71-4EDE-8DAE-57645F983627}.Debug|Mixed Platforms.Build.0 = Debug|x86
		{83FB4029-3D71-4EDE-8DAE-57645F983627}.Debug|x86.ActiveCfg = Debug|x86
		{83FB4029-3D71-4EDE-8DAE-57645F983627}.Debug|x86.Build.0 = Debug|x86
		{83FB4029-3D71-4EDE-8DAE-57645F983627}.Release|Any CPU.ActiveCfg = Release|Any CPU
		{83FB4029-3D71-4EDE-8DAE-57645F983627}.Release|Any CPU.Build.0 = Release|Any CPU
		{83FB4029-3D71-4EDE-8DAE-57645F983627}.Release|Mixed Platforms.ActiveCfg = Release|x86
		{83FB4029-3D71-4EDE-8DAE-57645F983627}.Release|Mixed Platforms.Build.0 = Release|x86
		{83FB4029-3D71-4EDE-8DAE-57645F983627}.Release|x86.ActiveCfg = Release|x86
		{83FB4029-3D71-4EDE-8DAE-57645F983627}.Release|x86.Build.0 = Release|x86
	EndGlobalSection
	GlobalSection(SolutionProperties) = preSolution
		HideSolutionNode = FALSE
	EndGlobalSection
EndGlobal
